
Microsoft Visual Studio Solution File, Format Version 12.00
# Visual Studio Version 17
VisualStudioVersion = 17.0.31903.59
MinimumVisualStudioVersion = 10.0.40219.1
Project("{2150E333-8FDC-42A3-9474-1A3956D46DE8}") = "src", "src", "{827E0CD3-B72D-47B6-A68D-7590B98EB39B}"
EndProject
Project("{FAE04EC0-301F-11D3-BF4B-00C04F79EFBC}") = "MarlinPrintMiddleware.App", "src\MarlinPrintMiddleware.App\MarlinPrintMiddleware.App.csproj", "{340217C1-16DE-4556-8679-2F9AF88DD47A}"
EndProject
Project("{FAE04EC0-301F-11D3-BF4B-00C04F79EFBC}") = "MarlinPrintMiddleware.Core", "src\MarlinPrintMiddleware.Core\MarlinPrintMiddleware.Core.csproj", "{9DC3B4D3-1245-4EB9-B899-CE7A5E97EF49}"
EndProject
Project("{FAE04EC0-301F-11D3-BF4B-00C04F79EFBC}") = "MarlinPrintMiddleware.Monitoring", "src\MarlinPrintMiddleware.Monitoring\MarlinPrintMiddleware.Monitoring.csproj", "{80BE9503-670B-4B5E-A75C-6F8B80E400B0}"
EndProject
Project("{FAE04EC0-301F-11D3-BF4B-00C04F79EFBC}") = "MarlinPrintMiddleware.Persistence", "src\MarlinPrintMiddleware.Persistence\MarlinPrintMiddleware.Persistence.csproj", "{13AB149C-6D9B-457D-A659-DD059AB2EA39}"
EndProject
Project("{FAE04EC0-301F-11D3-BF4B-00C04F79EFBC}") = "MarlinPrintMiddleware.Queue", "src\MarlinPrintMiddleware.Queue\MarlinPrintMiddleware.Queue.csproj", "{EDB1FDCA-1CA4-4486-98E0-5FB02068CB4B}"
EndProject
Project("{FAE04EC0-301F-11D3-BF4B-00C04F79EFBC}") = "MarlinPrintMiddleware.Safety", "src\MarlinPrintMiddleware.Safety\MarlinPrintMiddleware.Safety.csproj", "{F5B46B18-46B9-49B1-9809-B180B8879EA2}"
EndProject
Project("{FAE04EC0-301F-11D3-BF4B-00C04F79EFBC}") = "MarlinPrintMiddleware.Serial", "src\MarlinPrintMiddleware.Serial\MarlinPrintMiddleware.Serial.csproj", "{1765143C-D021-4CD9-ADC4-60AFB8B0B952}"
EndProject
Project("{FAE04EC0-301F-11D3-BF4B-00C04F79EFBC}") = "MarlinPrintMiddleware.UI", "src\MarlinPrintMiddleware.UI\MarlinPrintMiddleware.UI.csproj", "{C854DFEE-2B26-4DB6-AE3E-37FB6C427037}"
EndProject
Project("{2150E333-8FDC-42A3-9474-1A3956D46DE8}") = "tests", "tests", "{0AB3BF05-4346-4AA6-1389-037BE0695223}"
EndProject
Project("{FAE04EC0-301F-11D3-BF4B-00C04F79EFBC}") = "MarlinPrintMiddleware.Core.Tests", "tests\MarlinPrintMiddleware.Core.Tests\MarlinPrintMiddleware.Core.Tests.csproj", "{365713F8-1CC4-4274-AC80-069E106AAA65}"
EndProject
Project("{FAE04EC0-301F-11D3-BF4B-00C04F79EFBC}") = "MarlinPrintMiddleware.Integration.Tests", "tests\MarlinPrintMiddleware.Integration.Tests\MarlinPrintMiddleware.Integration.Tests.csproj", "{C81BC28C-C304-4E5F-8958-165EBFC79251}"
EndProject
Project("{FAE04EC0-301F-11D3-BF4B-00C04F79EFBC}") = "MarlinPrintMiddleware.Persistence.Tests", "tests\MarlinPrintMiddleware.Persistence.Tests\MarlinPrintMiddleware.Persistence.Tests.csproj", "{885BF165-88F9-438D-98B2-E231ADE9F7DB}"
EndProject
Project("{FAE04EC0-301F-11D3-BF4B-00C04F79EFBC}") = "MarlinPrintMiddleware.Queue.Tests", "tests\MarlinPrintMiddleware.Queue.Tests\MarlinPrintMiddleware.Queue.Tests.csproj", "{11140057-CF40-4A5D-9395-5729A24EBF43}"
EndProject
Project("{FAE04EC0-301F-11D3-BF4B-00C04F79EFBC}") = "MarlinPrintMiddleware.Serial.Tests", "tests\MarlinPrintMiddleware.Serial.Tests\MarlinPrintMiddleware.Serial.Tests.csproj", "{A46C9AF6-4A6D-4052-8BBF-BDF78FE6E675}"
EndProject
Global
	GlobalSection(SolutionConfigurationPlatforms) = preSolution
		Debug|Any CPU = Debug|Any CPU
		Debug|x64 = Debug|x64
		Debug|x86 = Debug|x86
		Release|Any CPU = Release|Any CPU
		Release|x64 = Release|x64
		Release|x86 = Release|x86
	EndGlobalSection
	GlobalSection(ProjectConfigurationPlatforms) = postSolution
		{340217C1-16DE-4556-8679-2F9AF88DD47A}.Debug|Any CPU.ActiveCfg = Debug|Any CPU
		{340217C1-16DE-4556-8679-2F9AF88DD47A}.Debug|Any CPU.Build.0 = Debug|Any CPU
		{340217C1-16DE-4556-8679-2F9AF88DD47A}.Debug|x64.ActiveCfg = Debug|Any CPU
		{340217C1-16DE-4556-8679-2F9AF88DD47A}.Debug|x64.Build.0 = Debug|Any CPU
		{340217C1-16DE-4556-8679-2F9AF88DD47A}.Debug|x86.ActiveCfg = Debug|Any CPU
		{340217C1-16DE-4556-8679-2F9AF88DD47A}.Debug|x86.Build.0 = Debug|Any CPU
		{340217C1-16DE-4556-8679-2F9AF88DD47A}.Release|Any CPU.ActiveCfg = Release|Any CPU
		{340217C1-16DE-4556-8679-2F9AF88DD47A}.Release|Any CPU.Build.0 = Release|Any CPU
		{340217C1-16DE-4556-8679-2F9AF88DD47A}.Release|x64.ActiveCfg = Release|Any CPU
		{340217C1-16DE-4556-8679-2F9AF88DD47A}.Release|x64.Build.0 = Release|Any CPU
		{340217C1-16DE-4556-8679-2F9AF88DD47A}.Release|x86.ActiveCfg = Release|Any CPU
		{340217C1-16DE-4556-8679-2F9AF88DD47A}.Release|x86.Build.0 = Release|Any CPU
		{9DC3B4D3-1245-4EB9-B899-CE7A5E97EF49}.Debug|Any CPU.ActiveCfg = Debug|Any CPU
		{9DC3B4D3-1245-4EB9-B899-CE7A5E97EF49}.Debug|Any CPU.Build.0 = Debug|Any CPU
		{9DC3B4D3-1245-4EB9-B899-CE7A5E97EF49}.Debug|x64.ActiveCfg = Debug|Any CPU
		{9DC3B4D3-1245-4EB9-B899-CE7A5E97EF49}.Debug|x64.Build.0 = Debug|Any CPU
		{9DC3B4D3-1245-4EB9-B899-CE7A5E97EF49}.Debug|x86.ActiveCfg = Debug|Any CPU
		{9DC3B4D3-1245-4EB9-B899-CE7A5E97EF49}.Debug|x86.Build.0 = Debug|Any CPU
		{9DC3B4D3-1245-4EB9-B899-CE7A5E97EF49}.Release|Any CPU.ActiveCfg = Release|Any CPU
		{9DC3B4D3-1245-4EB9-B899-CE7A5E97EF49}.Release|Any CPU.Build.0 = Release|Any CPU
		{9DC3B4D3-1245-4EB9-B899-CE7A5E97EF49}.Release|x64.ActiveCfg = Release|Any CPU
		{9DC3B4D3-1245-4EB9-B899-CE7A5E97EF49}.Release|x64.Build.0 = Release|Any CPU
		{9DC3B4D3-1245-4EB9-B899-CE7A5E97EF49}.Release|x86.ActiveCfg = Release|Any CPU
		{9DC3B4D3-1245-4EB9-B899-CE7A5E97EF49}.Release|x86.Build.0 = Release|Any CPU
		{80BE9503-670B-4B5E-A75C-6F8B80E400B0}.Debug|Any CPU.ActiveCfg = Debug|Any CPU
		{80BE9503-670B-4B5E-A75C-6F8B80E400B0}.Debug|Any CPU.Build.0 = Debug|Any CPU
		{80BE9503-670B-4B5E-A75C-6F8B80E400B0}.Debug|x64.ActiveCfg = Debug|Any CPU
		{80BE9503-670B-4B5E-A75C-6F8B80E400B0}.Debug|x64.Build.0 = Debug|Any CPU
		{80BE9503-670B-4B5E-A75C-6F8B80E400B0}.Debug|x86.ActiveCfg = Debug|Any CPU
		{80BE9503-670B-4B5E-A75C-6F8B80E400B0}.Debug|x86.Build.0 = Debug|Any CPU
		{80BE9503-670B-4B5E-A75C-6F8B80E400B0}.Release|Any CPU.ActiveCfg = Release|Any CPU
		{80BE9503-670B-4B5E-A75C-6F8B80E400B0}.Release|Any CPU.Build.0 = Release|Any CPU
		{80BE9503-670B-4B5E-A75C-6F8B80E400B0}.Release|x64.ActiveCfg = Release|Any CPU
		{80BE9503-670B-4B5E-A75C-6F8B80E400B0}.Release|x64.Build.0 = Release|Any CPU
		{80BE9503-670B-4B5E-A75C-6F8B80E400B0}.Release|x86.ActiveCfg = Release|Any CPU
		{80BE9503-670B-4B5E-A75C-6F8B80E400B0}.Release|x86.Build.0 = Release|Any CPU
		{13AB149C-6D9B-457D-A659-DD059AB2EA39}.Debug|Any CPU.ActiveCfg = Debug|Any CPU
		{13AB149C-6D9B-457D-A659-DD059AB2EA39}.Debug|Any CPU.Build.0 = Debug|Any CPU
		{13AB149C-6D9B-457D-A659-DD059AB2EA39}.Debug|x64.ActiveCfg = Debug|Any CPU
		{13AB149C-6D9B-457D-A659-DD059AB2EA39}.Debug|x64.Build.0 = Debug|Any CPU
		{13AB149C-6D9B-457D-A659-DD059AB2EA39}.Debug|x86.ActiveCfg = Debug|Any CPU
		{13AB149C-6D9B-457D-A659-DD059AB2EA39}.Debug|x86.Build.0 = Debug|Any CPU
		{13AB149C-6D9B-457D-A659-DD059AB2EA39}.Release|Any CPU.ActiveCfg = Release|Any CPU
		{13AB149C-6D9B-457D-A659-DD059AB2EA39}.Release|Any CPU.Build.0 = Release|Any CPU
		{13AB149C-6D9B-457D-A659-DD059AB2EA39}.Release|x64.ActiveCfg = Release|Any CPU
		{13AB149C-6D9B-457D-A659-DD059AB2EA39}.Release|x64.Build.0 = Release|Any CPU
		{13AB149C-6D9B-457D-A659-DD059AB2EA39}.Release|x86.ActiveCfg = Release|Any CPU
		{13AB149C-6D9B-457D-A659-DD059AB2EA39}.Release|x86.Build.0 = Release|Any CPU
		{EDB1FDCA-1CA4-4486-98E0-5FB02068CB4B}.Debug|Any CPU.ActiveCfg = Debug|Any CPU
		{EDB1FDCA-1CA4-4486-98E0-5FB02068CB4B}.Debug|Any CPU.Build.0 = Debug|Any CPU
		{EDB1FDCA-1CA4-4486-98E0-5FB02068CB4B}.Debug|x64.ActiveCfg = Debug|Any CPU
		{EDB1FDCA-1CA4-4486-98E0-5FB02068CB4B}.Debug|x64.Build.0 = Debug|Any CPU
		{EDB1FDCA-1CA4-4486-98E0-5FB02068CB4B}.Debug|x86.ActiveCfg = Debug|Any CPU
		{EDB1FDCA-1CA4-4486-98E0-5FB02068CB4B}.Debug|x86.Build.0 = Debug|Any CPU
		{EDB1FDCA-1CA4-4486-98E0-5FB02068CB4B}.Release|Any CPU.ActiveCfg = Release|Any CPU
		{EDB1FDCA-1CA4-4486-98E0-5FB02068CB4B}.Release|Any CPU.Build.0 = Release|Any CPU
		{EDB1FDCA-1CA4-4486-98E0-5FB02068CB4B}.Release|x64.ActiveCfg = Release|Any CPU
		{EDB1FDCA-1CA4-4486-98E0-5FB02068CB4B}.Release|x64.Build.0 = Release|Any CPU
		{EDB1FDCA-1CA4-4486-98E0-5FB02068CB4B}.Release|x86.ActiveCfg = Release|Any CPU
		{EDB1FDCA-1CA4-4486-98E0-5FB02068CB4B}.Release|x86.Build.0 = Release|Any CPU
		{F5B46B18-46B9-49B1-9809-B180B8879EA2}.Debug|Any CPU.ActiveCfg = Debug|Any CPU
		{F5B46B18-46B9-49B1-9809-B180B8879EA2}.Debug|Any CPU.Build.0 = Debug|Any CPU
		{F5B46B18-46B9-49B1-9809-B180B8879EA2}.Debug|x64.ActiveCfg = Debug|Any CPU
		{F5B46B18-46B9-49B1-9809-B180B8879EA2}.Debug|x64.Build.0 = Debug|Any CPU
		{F5B46B18-46B9-49B1-9809-B180B8879EA2}.Debug|x86.ActiveCfg = Debug|Any CPU
		{F5B46B18-46B9-49B1-9809-B180B8879EA2}.Debug|x86.Build.0 = Debug|Any CPU
		{F5B46B18-46B9-49B1-9809-B180B8879EA2}.Release|Any CPU.ActiveCfg = Release|Any CPU
		{F5B46B18-46B9-49B1-9809-B180B8879EA2}.Release|Any CPU.Build.0 = Release|Any CPU
		{F5B46B18-46B9-49B1-9809-B180B8879EA2}.Release|x64.ActiveCfg = Release|Any CPU
		{F5B46B18-46B9-49B1-9809-B180B8879EA2}.Release|x64.Build.0 = Release|Any CPU
		{F5B46B18-46B9-49B1-9809-B180B8879EA2}.Release|x86.ActiveCfg = Release|Any CPU
		{F5B46B18-46B9-49B1-9809-B180B8879EA2}.Release|x86.Build.0 = Release|Any CPU
		{1765143C-D021-4CD9-ADC4-60AFB8B0B952}.Debug|Any CPU.ActiveCfg = Debug|Any CPU
		{1765143C-D021-4CD9-ADC4-60AFB8B0B952}.Debug|Any CPU.Build.0 = Debug|Any CPU
		{1765143C-D021-4CD9-ADC4-60AFB8B0B952}.Debug|x64.ActiveCfg = Debug|Any CPU
		{1765143C-D021-4CD9-ADC4-60AFB8B0B952}.Debug|x64.Build.0 = Debug|Any CPU
		{1765143C-D021-4CD9-ADC4-60AFB8B0B952}.Debug|x86.ActiveCfg = Debug|Any CPU
		{1765143C-D021-4CD9-ADC4-60AFB8B0B952}.Debug|x86.Build.0 = Debug|Any CPU
		{1765143C-D021-4CD9-ADC4-60AFB8B0B952}.Release|Any CPU.ActiveCfg = Release|Any CPU
		{1765143C-D021-4CD9-ADC4-60AFB8B0B952}.Release|Any CPU.Build.0 = Release|Any CPU
		{1765143C-D021-4CD9-ADC4-60AFB8B0B952}.Release|x64.ActiveCfg = Release|Any CPU
		{1765143C-D021-4CD9-ADC4-60AFB8B0B952}.Release|x64.Build.0 = Release|Any CPU
		{1765143C-D021-4CD9-ADC4-60AFB8B0B952}.Release|x86.ActiveCfg = Release|Any CPU
		{1765143C-D021-4CD9-ADC4-60AFB8B0B952}.Release|x86.Build.0 = Release|Any CPU
		{C854DFEE-2B26-4DB6-AE3E-37FB6C427037}.Debug|Any CPU.ActiveCfg = Debug|Any CPU
		{C854DFEE-2B26-4DB6-AE3E-37FB6C427037}.Debug|Any CPU.Build.0 = Debug|Any CPU
		{C854DFEE-2B26-4DB6-AE3E-37FB6C427037}.Debug|x64.ActiveCfg = Debug|Any CPU
		{C854DFEE-2B26-4DB6-AE3E-37FB6C427037}.Debug|x64.Build.0 = Debug|Any CPU
		{C854DFEE-2B26-4DB6-AE3E-37FB6C427037}.Debug|x86.ActiveCfg = Debug|Any CPU
		{C854DFEE-2B26-4DB6-AE3E-37FB6C427037}.Debug|x86.Build.0 = Debug|Any CPU
		{C854DFEE-2B26-4DB6-AE3E-37FB6C427037}.Release|Any CPU.ActiveCfg = Release|Any CPU
		{C854DFEE-2B26-4DB6-AE3E-37FB6C427037}.Release|Any CPU.Build.0 = Release|Any CPU
		{C854DFEE-2B26-4DB6-AE3E-37FB6C427037}.Release|x64.ActiveCfg = Release|Any CPU
		{C854DFEE-2B26-4DB6-AE3E-37FB6C427037}.Release|x64.Build.0 = Release|Any CPU
		{C854DFEE-2B26-4DB6-AE3E-37FB6C427037}.Release|x86.ActiveCfg = Release|Any CPU
		{C854DFEE-2B26-4DB6-AE3E-37FB6C427037}.Release|x86.Build.0 = Release|Any CPU
		{365713F8-1CC4-4274-AC80-069E106AAA65}.Debug|Any CPU.ActiveCfg = Debug|Any CPU
		{365713F8-1CC4-4274-AC80-069E106AAA65}.Debug|Any CPU.Build.0 = Debug|Any CPU
		{365713F8-1CC4-4274-AC80-069E106AAA65}.Debug|x64.ActiveCfg = Debug|Any CPU
		{365713F8-1CC4-4274-AC80-069E106AAA65}.Debug|x64.Build.0 = Debug|Any CPU
		{365713F8-1CC4-4274-AC80-069E106AAA65}.Debug|x86.ActiveCfg = Debug|Any CPU
		{365713F8-1CC4-4274-AC80-069E106AAA65}.Debug|x86.Build.0 = Debug|Any CPU
		{365713F8-1CC4-4274-AC80-069E106AAA65}.Release|Any CPU.ActiveCfg = Release|Any CPU
		{365713F8-1CC4-4274-AC80-069E106AAA65}.Release|Any CPU.Build.0 = Release|Any CPU
		{365713F8-1CC4-4274-AC80-069E106AAA65}.Release|x64.ActiveCfg = Release|Any CPU
		{365713F8-1CC4-4274-AC80-069E106AAA65}.Release|x64.Build.0 = Release|Any CPU
		{365713F8-1CC4-4274-AC80-069E106AAA65}.Release|x86.ActiveCfg = Release|Any CPU
		{365713F8-1CC4-4274-AC80-069E106AAA65}.Release|x86.Build.0 = Release|Any CPU
		{C81BC28C-C304-4E5F-8958-165EBFC79251}.Debug|Any CPU.ActiveCfg = Debug|Any CPU
		{C81BC28C-C304-4E5F-8958-165EBFC79251}.Debug|Any CPU.Build.0 = Debug|Any CPU
		{C81BC28C-C304-4E5F-8958-165EBFC79251}.Debug|x64.ActiveCfg = Debug|Any CPU
		{C81BC28C-C304-4E5F-8958-165EBFC79251}.Debug|x64.Build.0 = Debug|Any CPU
		{C81BC28C-C304-4E5F-8958-165EBFC79251}.Debug|x86.ActiveCfg = Debug|Any CPU
		{C81BC28C-C304-4E5F-8958-165EBFC79251}.Debug|x86.Build.0 = Debug|Any CPU
		{C81BC28C-C304-4E5F-8958-165EBFC79251}.Release|Any CPU.ActiveCfg = Release|Any CPU
		{C81BC28C-C304-4E5F-8958-165EBFC79251}.Release|Any CPU.Build.0 = Release|Any CPU
		{C81BC28C-C304-4E5F-8958-165EBFC79251}.Release|x64.ActiveCfg = Release|Any CPU
		{C81BC28C-C304-4E5F-8958-165EBFC79251}.Release|x64.Build.0 = Release|Any CPU
		{C81BC28C-C304-4E5F-8958-165EBFC79251}.Release|x86.ActiveCfg = Release|Any CPU
		{C81BC28C-C304-4E5F-8958-165EBFC79251}.Release|x86.Build.0 = Release|Any CPU
		{885BF165-88F9-438D-98B2-E231ADE9F7DB}.Debug|Any CPU.ActiveCfg = Debug|Any CPU
		{885BF165-88F9-438D-98B2-E231ADE9F7DB}.Debug|Any CPU.Build.0 = Debug|Any CPU
		{885BF165-88F9-438D-98B2-E231ADE9F7DB}.Debug|x64.ActiveCfg = Debug|Any CPU
		{885BF165-88F9-438D-98B2-E231ADE9F7DB}.Debug|x64.Build.0 = Debug|Any CPU
		{885BF165-88F9-438D-98B2-E231ADE9F7DB}.Debug|x86.ActiveCfg = Debug|Any CPU
		{885BF165-88F9-438D-98B2-E231ADE9F7DB}.Debug|x86.Build.0 = Debug|Any CPU
		{885BF165-88F9-438D-98B2-E231ADE9F7DB}.Release|Any CPU.ActiveCfg = Release|Any CPU
		{885BF165-88F9-438D-98B2-E231ADE9F7DB}.Release|Any CPU.Build.0 = Release|Any CPU
		{885BF165-88F9-438D-98B2-E231ADE9F7DB}.Release|x64.ActiveCfg = Release|Any CPU
		{885BF165-88F9-438D-98B2-E231ADE9F7DB}.Release|x64.Build.0 = Release|Any CPU
		{885BF165-88F9-438D-98B2-E231ADE9F7DB}.Release|x86.ActiveCfg = Release|Any CPU
		{885BF165-88F9-438D-98B2-E231ADE9F7DB}.Release|x86.Build.0 = Release|Any CPU
		{11140057-CF40-4A5D-9395-5729A24EBF43}.Debug|Any CPU.ActiveCfg = Debug|Any CPU
		{11140057-CF40-4A5D-9395-5729A24EBF43}.Debug|Any CPU.Build.0 = Debug|Any CPU
		{11140057-CF40-4A5D-9395-5729A24EBF43}.Debug|x64.ActiveCfg = Debug|Any CPU
		{11140057-CF40-4A5D-9395-5729A24EBF43}.Debug|x64.Build.0 = Debug|Any CPU
		{11140057-CF40-4A5D-9395-5729A24EBF43}.Debug|x86.ActiveCfg = Debug|Any CPU
		{11140057-CF40-4A5D-9395-5729A24EBF43}.Debug|x86.Build.0 = Debug|Any CPU
		{11140057-CF40-4A5D-9395-5729A24EBF43}.Release|Any CPU.ActiveCfg = Release|Any CPU
		{11140057-CF40-4A5D-9395-5729A24EBF43}.Release|Any CPU.Build.0 = Release|Any CPU
		{11140057-CF40-4A5D-9395-5729A24EBF43}.Release|x64.ActiveCfg = Release|Any CPU
		{11140057-CF40-4A5D-9395-5729A24EBF43}.Release|x64.Build.0 = Release|Any CPU
		{11140057-CF40-4A5D-9395-5729A24EBF43}.Release|x86.ActiveCfg = Release|Any CPU
		{11140057-CF40-4A5D-9395-5729A24EBF43}.Release|x86.Build.0 = Release|Any CPU
		{A46C9AF6-4A6D-4052-8BBF-BDF78FE6E675}.Debug|Any CPU.ActiveCfg = Debug|Any CPU
		{A46C9AF6-4A6D-4052-8BBF-BDF78FE6E675}.Debug|Any CPU.Build.0 = Debug|Any CPU
		{A46C9AF6-4A6D-4052-8BBF-BDF78FE6E675}.Debug|x64.ActiveCfg = Debug|Any CPU
		{A46C9AF6-4A6D-4052-8BBF-BDF78FE6E675}.Debug|x64.Build.0 = Debug|Any CPU
		{A46C9AF6-4A6D-4052-8BBF-BDF78FE6E675}.Debug|x86.ActiveCfg = Debug|Any CPU
		{A46C9AF6-4A6D-4052-8BBF-BDF78FE6E675}.Debug|x86.Build.0 = Debug|Any CPU
		{A46C9AF6-4A6D-4052-8BBF-BDF78FE6E675}.Release|Any CPU.ActiveCfg = Release|Any CPU
		{A46C9AF6-4A6D-4052-8BBF-BDF78FE6E675}.Release|Any CPU.Build.0 = Release|Any CPU
		{A46C9AF6-4A6D-4052-8BBF-BDF78FE6E675}.Release|x64.ActiveCfg = Release|Any CPU
		{A46C9AF6-4A6D-4052-8BBF-BDF78FE6E675}.Release|x64.Build.0 = Release|Any CPU
		{A46C9AF6-4A6D-4052-8BBF-BDF78FE6E675}.Release|x86.ActiveCfg = Release|Any CPU
		{A46C9AF6-4A6D-4052-8BBF-BDF78FE6E675}.Release|x86.Build.0 = Release|Any CPU
	EndGlobalSection
	GlobalSection(SolutionProperties) = preSolution
		HideSolutionNode = FALSE
	EndGlobalSection
	GlobalSection(NestedProjects) = preSolution
		{340217C1-16DE-4556-8679-2F9AF88DD47A} = {827E0CD3-B72D-47B6-A68D-7590B98EB39B}
		{9DC3B4D3-1245-4EB9-B899-CE7A5E97EF49} = {827E0CD3-B72D-47B6-A68D-7590B98EB39B}
		{80BE9503-670B-4B5E-A75C-6F8B80E400B0} = {827E0CD3-B72D-47B6-A68D-7590B98EB39B}
		{13AB149C-6D9B-457D-A659-DD059AB2EA39} = {827E0CD3-B72D-47B6-A68D-7590B98EB39B}
		{EDB1FDCA-1CA4-4486-98E0-5FB02068CB4B} = {827E0CD3-B72D-47B6-A68D-7590B98EB39B}
		{F5B46B18-46B9-49B1-9809-B180B8879EA2} = {827E0CD3-B72D-47B6-A68D-7590B98EB39B}
		{1765143C-D021-4CD9-ADC4-60AFB8B0B952} = {827E0CD3-B72D-47B6-A68D-7590B98EB39B}
		{C854DFEE-2B26-4DB6-AE3E-37FB6C427037} = {827E0CD3-B72D-47B6-A68D-7590B98EB39B}
		{365713F8-1CC4-4274-AC80-069E106AAA65} = {0AB3BF05-4346-4AA6-1389-037BE0695223}
		{C81BC28C-C304-4E5F-8958-165EBFC79251} = {0AB3BF05-4346-4AA6-1389-037BE0695223}
		{885BF165-88F9-438D-98B2-E231ADE9F7DB} = {0AB3BF05-4346-4AA6-1389-037BE0695223}
		{11140057-CF40-4A5D-9395-5729A24EBF43} = {0AB3BF05-4346-4AA6-1389-037BE0695223}
		{A46C9AF6-4A6D-4052-8BBF-BDF78FE6E675} = {0AB3BF05-4346-4AA6-1389-037BE0695223}
	EndGlobalSection
EndGlobal
